
Microsoft Visual Studio Solution File, Format Version 12.00
# Visual Studio 14
VisualStudioVersion = 14.0.24720.0
MinimumVisualStudioVersion = 10.0.40219.1
Project("{2150E333-8FDC-42A3-9474-1A3956D46DE8}") = "src", "src", "{58E6EDE3-6D31-426A-93BC-F0D23473D32F}"
EndProject
Project("{2150E333-8FDC-42A3-9474-1A3956D46DE8}") = "test", "test", "{AC395487-9BC3-46AD-B772-B2B4C0201300}"
EndProject
Project("{FAE04EC0-301F-11D3-BF4B-00C04F79EFBC}") = "TestProject.Model", "src\TestProject.Model\TestProject.Model.csproj", "{0B010AC6-6F02-420C-B403-96F9A7CDB381}"
EndProject
Project("{FAE04EC0-301F-11D3-BF4B-00C04F79EFBC}") = "TestProject.BusinessLogic", "src\TestProject.BusinessLogic\TestProject.BusinessLogic.csproj", "{FC492E6F-4A85-44AD-AD1F-E401ABDBCE1C}"
EndProject
Project("{FAE04EC0-301F-11D3-BF4B-00C04F79EFBC}") = "TestProject.Common", "src\TestProject.Common\TestProject.Common.csproj", "{79A8E93C-8118-4DE5-8183-88A1646DA6CF}"
EndProject
Project("{FAE04EC0-301F-11D3-BF4B-00C04F79EFBC}") = "TestProject.Services", "src\TestProject.Services\TestProject.Services.csproj", "{1A55E261-A635-4F55-8398-6A22E7C098AB}"
EndProject
Project("{8BB2217D-0F2D-49D1-97BC-3654ED321F3B}") = "TestProject.WebUI", "src\TestProject.WebUI\TestProject.WebUI.xproj", "{719BAE71-45AB-4037-AECD-EA638089634F}"
EndProject
Project("{FAE04EC0-301F-11D3-BF4B-00C04F79EFBC}") = "TestProject.BusinessLogic.Tests", "test\TestProject.BusinessLogic.Tests\TestProject.BusinessLogic.Tests.csproj", "{99DA9B63-20F5-4B16-BEB6-9B25AF830726}"
EndProject
Global
	GlobalSection(SolutionConfigurationPlatforms) = preSolution
		Debug|Any CPU = Debug|Any CPU
		Release|Any CPU = Release|Any CPU
	EndGlobalSection
	GlobalSection(ProjectConfigurationPlatforms) = postSolution
		{0B010AC6-6F02-420C-B403-96F9A7CDB381}.Debug|Any CPU.ActiveCfg = Debug|Any CPU
		{0B010AC6-6F02-420C-B403-96F9A7CDB381}.Debug|Any CPU.Build.0 = Debug|Any CPU
		{0B010AC6-6F02-420C-B403-96F9A7CDB381}.Release|Any CPU.ActiveCfg = Release|Any CPU
		{0B010AC6-6F02-420C-B403-96F9A7CDB381}.Release|Any CPU.Build.0 = Release|Any CPU
		{FC492E6F-4A85-44AD-AD1F-E401ABDBCE1C}.Debug|Any CPU.ActiveCfg = Debug|Any CPU
		{FC492E6F-4A85-44AD-AD1F-E401ABDBCE1C}.Debug|Any CPU.Build.0 = Debug|Any CPU
		{FC492E6F-4A85-44AD-AD1F-E401ABDBCE1C}.Release|Any CPU.ActiveCfg = Release|Any CPU
		{FC492E6F-4A85-44AD-AD1F-E401ABDBCE1C}.Release|Any CPU.Build.0 = Release|Any CPU
		{79A8E93C-8118-4DE5-8183-88A1646DA6CF}.Debug|Any CPU.ActiveCfg = Debug|Any CPU
		{79A8E93C-8118-4DE5-8183-88A1646DA6CF}.Debug|Any CPU.Build.0 = Debug|Any CPU
		{79A8E93C-8118-4DE5-8183-88A1646DA6CF}.Release|Any CPU.ActiveCfg = Release|Any CPU
		{79A8E93C-8118-4DE5-8183-88A1646DA6CF}.Release|Any CPU.Build.0 = Release|Any CPU
		{1A55E261-A635-4F55-8398-6A22E7C098AB}.Debug|Any CPU.ActiveCfg = Debug|Any CPU
		{1A55E261-A635-4F55-8398-6A22E7C098AB}.Debug|Any CPU.Build.0 = Debug|Any CPU
		{1A55E261-A635-4F55-8398-6A22E7C098AB}.Release|Any CPU.ActiveCfg = Release|Any CPU
		{1A55E261-A635-4F55-8398-6A22E7C098AB}.Release|Any CPU.Build.0 = Release|Any CPU
		{719BAE71-45AB-4037-AECD-EA638089634F}.Debug|Any CPU.ActiveCfg = Debug|Any CPU
		{719BAE71-45AB-4037-AECD-EA638089634F}.Debug|Any CPU.Build.0 = Debug|Any CPU
		{719BAE71-45AB-4037-AECD-EA638089634F}.Release|Any CPU.ActiveCfg = Release|Any CPU
		{719BAE71-45AB-4037-AECD-EA638089634F}.Release|Any CPU.Build.0 = Release|Any CPU
		{99DA9B63-20F5-4B16-BEB6-9B25AF830726}.Debug|Any CPU.ActiveCfg = Debug|Any CPU
		{99DA9B63-20F5-4B16-BEB6-9B25AF830726}.Debug|Any CPU.Build.0 = Debug|Any CPU
		{99DA9B63-20F5-4B16-BEB6-9B25AF830726}.Release|Any CPU.ActiveCfg = Release|Any CPU
		{99DA9B63-20F5-4B16-BEB6-9B25AF830726}.Release|Any CPU.Build.0 = Release|Any CPU
	EndGlobalSection
	GlobalSection(SolutionProperties) = preSolution
		HideSolutionNode = FALSE
	EndGlobalSection
	GlobalSection(NestedProjects) = preSolution
		{0B010AC6-6F02-420C-B403-96F9A7CDB381} = {58E6EDE3-6D31-426A-93BC-F0D23473D32F}
		{FC492E6F-4A85-44AD-AD1F-E401ABDBCE1C} = {58E6EDE3-6D31-426A-93BC-F0D23473D32F}
		{79A8E93C-8118-4DE5-8183-88A1646DA6CF} = {58E6EDE3-6D31-426A-93BC-F0D23473D32F}
		{1A55E261-A635-4F55-8398-6A22E7C098AB} = {58E6EDE3-6D31-426A-93BC-F0D23473D32F}
		{719BAE71-45AB-4037-AECD-EA638089634F} = {58E6EDE3-6D31-426A-93BC-F0D23473D32F}
		{99DA9B63-20F5-4B16-BEB6-9B25AF830726} = {AC395487-9BC3-46AD-B772-B2B4C0201300}
	EndGlobalSection
EndGlobal
