
Microsoft Visual Studio Solution File, Format Version 12.00
# Visual Studio 14
VisualStudioVersion = 14.0.24720.0
MinimumVisualStudioVersion = 10.0.40219.1
Project("{2150E333-8FDC-42A3-9474-1A3956D46DE8}") = "src", "src", "{58E6EDE3-6D31-426A-93BC-F0D23473D32F}"
EndProject
Project("{2150E333-8FDC-42A3-9474-1A3956D46DE8}") = "test", "test", "{AC395487-9BC3-46AD-B772-B2B4C0201300}"
EndProject
Project("{FAE04EC0-301F-11D3-BF4B-00C04F79EFBC}") = "TestProject.Model", "src\TestProject.Model\TestProject.Model.csproj", "{0B010AC6-6F02-420C-B403-96F9A7CDB381}"
EndProject
Project("{FAE04EC0-301F-11D3-BF4B-00C04F79EFBC}") = "TestProject.Services", "src\TestProject.Services\TestProject.Services.csproj", "{1A55E261-A635-4F55-8398-6A22E7C098AB}"
EndProject
Project("{FAE04EC0-301F-11D3-BF4B-00C04F79EFBC}") = "TestProject.BusinessLogic.Tests", "test\TestProject.BusinessLogic.Tests\TestProject.BusinessLogic.Tests.csproj", "{99DA9B63-20F5-4B16-BEB6-9B25AF830726}"
EndProject
Project("{FAE04EC0-301F-11D3-BF4B-00C04F79EFBC}") = "TestProject.DataLayer", "src\TestProject.DataLayer\TestProject.DataLayer.csproj", "{987C7EBA-5253-4ACD-8972-E09A012F8572}"
EndProject
Project("{FAE04EC0-301F-11D3-BF4B-00C04F79EFBC}") = "TestProject.WebUI", "src\TestProject.WebUI\TestProject.WebUI.csproj", "{4D5FD900-8338-46F2-9435-23E0F3F5095E}"
EndProject
Project("{FAE04EC0-301F-11D3-BF4B-00C04F79EFBC}") = "TestProject.WebApi", "src\TestProject.WebApi\TestProject.WebApi.csproj", "{C9396A05-A3A7-417F-9034-D016B79D7B6A}"
EndProject
Project("{2150E333-8FDC-42A3-9474-1A3956D46DE8}") = "db", "db", "{B040FE6B-611A-4960-AF40-680DB0C5FB76}"
EndProject
Project("{00D1A9C2-B5F0-4AF3-8072-F6C62B433612}") = "TestProject.Database", "db\TestProject.Database\TestProject.Database.sqlproj", "{35F41AAB-626F-41E9-8FC2-C190EB27B62D}"
EndProject
Global
	GlobalSection(SolutionConfigurationPlatforms) = preSolution
		Debug|Any CPU = Debug|Any CPU
		Release|Any CPU = Release|Any CPU
	EndGlobalSection
	GlobalSection(ProjectConfigurationPlatforms) = postSolution
		{0B010AC6-6F02-420C-B403-96F9A7CDB381}.Debug|Any CPU.ActiveCfg = Debug|Any CPU
		{0B010AC6-6F02-420C-B403-96F9A7CDB381}.Debug|Any CPU.Build.0 = Debug|Any CPU
		{0B010AC6-6F02-420C-B403-96F9A7CDB381}.Release|Any CPU.ActiveCfg = Release|Any CPU
		{0B010AC6-6F02-420C-B403-96F9A7CDB381}.Release|Any CPU.Build.0 = Release|Any CPU
		{1A55E261-A635-4F55-8398-6A22E7C098AB}.Debug|Any CPU.ActiveCfg = Debug|Any CPU
		{1A55E261-A635-4F55-8398-6A22E7C098AB}.Debug|Any CPU.Build.0 = Debug|Any CPU
		{1A55E261-A635-4F55-8398-6A22E7C098AB}.Release|Any CPU.ActiveCfg = Release|Any CPU
		{1A55E261-A635-4F55-8398-6A22E7C098AB}.Release|Any CPU.Build.0 = Release|Any CPU
		{99DA9B63-20F5-4B16-BEB6-9B25AF830726}.Debug|Any CPU.ActiveCfg = Debug|Any CPU
		{99DA9B63-20F5-4B16-BEB6-9B25AF830726}.Debug|Any CPU.Build.0 = Debug|Any CPU
		{99DA9B63-20F5-4B16-BEB6-9B25AF830726}.Release|Any CPU.ActiveCfg = Release|Any CPU
		{99DA9B63-20F5-4B16-BEB6-9B25AF830726}.Release|Any CPU.Build.0 = Release|Any CPU
		{987C7EBA-5253-4ACD-8972-E09A012F8572}.Debug|Any CPU.ActiveCfg = Debug|Any CPU
		{987C7EBA-5253-4ACD-8972-E09A012F8572}.Debug|Any CPU.Build.0 = Debug|Any CPU
		{987C7EBA-5253-4ACD-8972-E09A012F8572}.Release|Any CPU.ActiveCfg = Release|Any CPU
		{987C7EBA-5253-4ACD-8972-E09A012F8572}.Release|Any CPU.Build.0 = Release|Any CPU
		{4D5FD900-8338-46F2-9435-23E0F3F5095E}.Debug|Any CPU.ActiveCfg = Debug|Any CPU
		{4D5FD900-8338-46F2-9435-23E0F3F5095E}.Debug|Any CPU.Build.0 = Debug|Any CPU
		{4D5FD900-8338-46F2-9435-23E0F3F5095E}.Release|Any CPU.ActiveCfg = Release|Any CPU
		{4D5FD900-8338-46F2-9435-23E0F3F5095E}.Release|Any CPU.Build.0 = Release|Any CPU
		{C9396A05-A3A7-417F-9034-D016B79D7B6A}.Debug|Any CPU.ActiveCfg = Debug|Any CPU
		{C9396A05-A3A7-417F-9034-D016B79D7B6A}.Debug|Any CPU.Build.0 = Debug|Any CPU
		{C9396A05-A3A7-417F-9034-D016B79D7B6A}.Release|Any CPU.ActiveCfg = Release|Any CPU
		{C9396A05-A3A7-417F-9034-D016B79D7B6A}.Release|Any CPU.Build.0 = Release|Any CPU
		{35F41AAB-626F-41E9-8FC2-C190EB27B62D}.Debug|Any CPU.ActiveCfg = Debug|Any CPU
		{35F41AAB-626F-41E9-8FC2-C190EB27B62D}.Debug|Any CPU.Build.0 = Debug|Any CPU
		{35F41AAB-626F-41E9-8FC2-C190EB27B62D}.Debug|Any CPU.Deploy.0 = Debug|Any CPU
		{35F41AAB-626F-41E9-8FC2-C190EB27B62D}.Release|Any CPU.ActiveCfg = Release|Any CPU
		{35F41AAB-626F-41E9-8FC2-C190EB27B62D}.Release|Any CPU.Build.0 = Release|Any CPU
		{35F41AAB-626F-41E9-8FC2-C190EB27B62D}.Release|Any CPU.Deploy.0 = Release|Any CPU
	EndGlobalSection
	GlobalSection(SolutionProperties) = preSolution
		HideSolutionNode = FALSE
	EndGlobalSection
	GlobalSection(NestedProjects) = preSolution
		{0B010AC6-6F02-420C-B403-96F9A7CDB381} = {58E6EDE3-6D31-426A-93BC-F0D23473D32F}
		{1A55E261-A635-4F55-8398-6A22E7C098AB} = {58E6EDE3-6D31-426A-93BC-F0D23473D32F}
		{99DA9B63-20F5-4B16-BEB6-9B25AF830726} = {AC395487-9BC3-46AD-B772-B2B4C0201300}
		{987C7EBA-5253-4ACD-8972-E09A012F8572} = {58E6EDE3-6D31-426A-93BC-F0D23473D32F}
		{4D5FD900-8338-46F2-9435-23E0F3F5095E} = {58E6EDE3-6D31-426A-93BC-F0D23473D32F}
		{C9396A05-A3A7-417F-9034-D016B79D7B6A} = {58E6EDE3-6D31-426A-93BC-F0D23473D32F}
		{35F41AAB-626F-41E9-8FC2-C190EB27B62D} = {B040FE6B-611A-4960-AF40-680DB0C5FB76}
	EndGlobalSection
EndGlobal
